
Microsoft Visual Studio Solution File, Format Version 12.00
# Visual Studio 15
VisualStudioVersion = 15.0.26124.0
MinimumVisualStudioVersion = 15.0.26124.0
Project("{2150E333-8FDC-42A3-9474-1A3956D46DE8}") = "src", "src", "{DC866C4D-AF6D-4B5A-B5B0-950D27F65519}"
EndProject
Project("{FAE04EC0-301F-11D3-BF4B-00C04F79EFBC}") = "Phema.DateTime", "src\Phema.DateTime\Phema.DateTime.csproj", "{47D061B8-FBDC-48F8-A320-EEBAAC408C24}"
EndProject
Project("{FAE04EC0-301F-11D3-BF4B-00C04F79EFBC}") = "Phema.DateTime.Utc", "src\Phema.DateTime.Utc\Phema.DateTime.Utc.csproj", "{ED068482-AD3A-4CC6-B4BA-E426CE73E1FB}"
EndProject
Project("{FAE04EC0-301F-11D3-BF4B-00C04F79EFBC}") = "Phema.DateTime.Local", "src\Phema.DateTime.Local\Phema.DateTime.Local.csproj", "{E7303B99-F41A-4901-8376-C03465A9F98F}"
EndProject
Global
	GlobalSection(SolutionConfigurationPlatforms) = preSolution
		Debug|Any CPU = Debug|Any CPU
		Debug|x64 = Debug|x64
		Debug|x86 = Debug|x86
		Release|Any CPU = Release|Any CPU
		Release|x64 = Release|x64
		Release|x86 = Release|x86
	EndGlobalSection
	GlobalSection(SolutionProperties) = preSolution
		HideSolutionNode = FALSE
	EndGlobalSection
	GlobalSection(ProjectConfigurationPlatforms) = postSolution
		{47D061B8-FBDC-48F8-A320-EEBAAC408C24}.Debug|Any CPU.ActiveCfg = Debug|Any CPU
		{47D061B8-FBDC-48F8-A320-EEBAAC408C24}.Debug|Any CPU.Build.0 = Debug|Any CPU
		{47D061B8-FBDC-48F8-A320-EEBAAC408C24}.Debug|x64.ActiveCfg = Debug|Any CPU
		{47D061B8-FBDC-48F8-A320-EEBAAC408C24}.Debug|x64.Build.0 = Debug|Any CPU
		{47D061B8-FBDC-48F8-A320-EEBAAC408C24}.Debug|x86.ActiveCfg = Debug|Any CPU
		{47D061B8-FBDC-48F8-A320-EEBAAC408C24}.Debug|x86.Build.0 = Debug|Any CPU
		{47D061B8-FBDC-48F8-A320-EEBAAC408C24}.Release|Any CPU.ActiveCfg = Release|Any CPU
		{47D061B8-FBDC-48F8-A320-EEBAAC408C24}.Release|Any CPU.Build.0 = Release|Any CPU
		{47D061B8-FBDC-48F8-A320-EEBAAC408C24}.Release|x64.ActiveCfg = Release|Any CPU
		{47D061B8-FBDC-48F8-A320-EEBAAC408C24}.Release|x64.Build.0 = Release|Any CPU
		{47D061B8-FBDC-48F8-A320-EEBAAC408C24}.Release|x86.ActiveCfg = Release|Any CPU
		{47D061B8-FBDC-48F8-A320-EEBAAC408C24}.Release|x86.Build.0 = Release|Any CPU
		{ED068482-AD3A-4CC6-B4BA-E426CE73E1FB}.Debug|Any CPU.ActiveCfg = Debug|Any CPU
		{ED068482-AD3A-4CC6-B4BA-E426CE73E1FB}.Debug|Any CPU.Build.0 = Debug|Any CPU
		{ED068482-AD3A-4CC6-B4BA-E426CE73E1FB}.Debug|x64.ActiveCfg = Debug|Any CPU
		{ED068482-AD3A-4CC6-B4BA-E426CE73E1FB}.Debug|x64.Build.0 = Debug|Any CPU
		{ED068482-AD3A-4CC6-B4BA-E426CE73E1FB}.Debug|x86.ActiveCfg = Debug|Any CPU
		{ED068482-AD3A-4CC6-B4BA-E426CE73E1FB}.Debug|x86.Build.0 = Debug|Any CPU
		{ED068482-AD3A-4CC6-B4BA-E426CE73E1FB}.Release|Any CPU.ActiveCfg = Release|Any CPU
		{ED068482-AD3A-4CC6-B4BA-E426CE73E1FB}.Release|Any CPU.Build.0 = Release|Any CPU
		{ED068482-AD3A-4CC6-B4BA-E426CE73E1FB}.Release|x64.ActiveCfg = Release|Any CPU
		{ED068482-AD3A-4CC6-B4BA-E426CE73E1FB}.Release|x64.Build.0 = Release|Any CPU
		{ED068482-AD3A-4CC6-B4BA-E426CE73E1FB}.Release|x86.ActiveCfg = Release|Any CPU
		{ED068482-AD3A-4CC6-B4BA-E426CE73E1FB}.Release|x86.Build.0 = Release|Any CPU
		{E7303B99-F41A-4901-8376-C03465A9F98F}.Debug|Any CPU.ActiveCfg = Debug|Any CPU
		{E7303B99-F41A-4901-8376-C03465A9F98F}.Debug|Any CPU.Build.0 = Debug|Any CPU
		{E7303B99-F41A-4901-8376-C03465A9F98F}.Debug|x64.ActiveCfg = Debug|Any CPU
		{E7303B99-F41A-4901-8376-C03465A9F98F}.Debug|x64.Build.0 = Debug|Any CPU
		{E7303B99-F41A-4901-8376-C03465A9F98F}.Debug|x86.ActiveCfg = Debug|Any CPU
		{E7303B99-F41A-4901-8376-C03465A9F98F}.Debug|x86.Build.0 = Debug|Any CPU
		{E7303B99-F41A-4901-8376-C03465A9F98F}.Release|Any CPU.ActiveCfg = Release|Any CPU
		{E7303B99-F41A-4901-8376-C03465A9F98F}.Release|Any CPU.Build.0 = Release|Any CPU
		{E7303B99-F41A-4901-8376-C03465A9F98F}.Release|x64.ActiveCfg = Release|Any CPU
		{E7303B99-F41A-4901-8376-C03465A9F98F}.Release|x64.Build.0 = Release|Any CPU
		{E7303B99-F41A-4901-8376-C03465A9F98F}.Release|x86.ActiveCfg = Release|Any CPU
		{E7303B99-F41A-4901-8376-C03465A9F98F}.Release|x86.Build.0 = Release|Any CPU
	EndGlobalSection
	GlobalSection(NestedProjects) = preSolution
		{47D061B8-FBDC-48F8-A320-EEBAAC408C24} = {DC866C4D-AF6D-4B5A-B5B0-950D27F65519}
		{ED068482-AD3A-4CC6-B4BA-E426CE73E1FB} = {DC866C4D-AF6D-4B5A-B5B0-950D27F65519}
		{E7303B99-F41A-4901-8376-C03465A9F98F} = {DC866C4D-AF6D-4B5A-B5B0-950D27F65519}
	EndGlobalSection
EndGlobal
